// !$*UTF8*$!
{
	archiveVersion = 1;
	classes = {
	};
	objectVersion = 50;
	objects = {

/* Begin PBXBuildFile section */
		051B5811226133BD009EDD36 /* NewsViewController.swift in Sources */ = {isa = PBXBuildFile; fileRef = 051B5810226133BD009EDD36 /* NewsViewController.swift */; };
		051B5813226133C8009EDD36 /* MapViewController.swift in Sources */ = {isa = PBXBuildFile; fileRef = 051B5812226133C8009EDD36 /* MapViewController.swift */; };
		051B581922644F9D009EDD36 /* AddPostSubleaseViewController.swift in Sources */ = {isa = PBXBuildFile; fileRef = 051B581822644F9D009EDD36 /* AddPostSubleaseViewController.swift */; };
		051B581C22650BE6009EDD36 /* PostCellSubleaseTableViewCell.swift in Sources */ = {isa = PBXBuildFile; fileRef = 051B581B22650BE6009EDD36 /* PostCellSubleaseTableViewCell.swift */; };
		051B581E22650C15009EDD36 /* Sublease.storyboard in Resources */ = {isa = PBXBuildFile; fileRef = 051B581D22650C15009EDD36 /* Sublease.storyboard */; };
		051B582022650D51009EDD36 /* Menu.storyboard in Resources */ = {isa = PBXBuildFile; fileRef = 051B581F22650D51009EDD36 /* Menu.storyboard */; };
		05272B6F227273AA002EEF7E /* PostBuySellViewController.swift in Sources */ = {isa = PBXBuildFile; fileRef = 05272B6E227273AA002EEF7E /* PostBuySellViewController.swift */; };
		057D2C6C225709DB00A7300F /* AppDelegate.swift in Sources */ = {isa = PBXBuildFile; fileRef = 057D2C6B225709DB00A7300F /* AppDelegate.swift */; };
		057D2C71225709DB00A7300F /* Main.storyboard in Resources */ = {isa = PBXBuildFile; fileRef = 057D2C6F225709DB00A7300F /* Main.storyboard */; };
		057D2C73225709DD00A7300F /* Assets.xcassets in Resources */ = {isa = PBXBuildFile; fileRef = 057D2C72225709DD00A7300F /* Assets.xcassets */; };
		057D2C76225709DD00A7300F /* LaunchScreen.storyboard in Resources */ = {isa = PBXBuildFile; fileRef = 057D2C74225709DD00A7300F /* LaunchScreen.storyboard */; };
		057D2C81225709DE00A7300F /* UTSocialTests.swift in Sources */ = {isa = PBXBuildFile; fileRef = 057D2C80225709DE00A7300F /* UTSocialTests.swift */; };
		057D2C8C225709DE00A7300F /* UTSocialUITests.swift in Sources */ = {isa = PBXBuildFile; fileRef = 057D2C8B225709DE00A7300F /* UTSocialUITests.swift */; };
		0593F48D2287852600089023 /* FortyAcres.plist in Resources */ = {isa = PBXBuildFile; fileRef = 0593F48C2287852600089023 /* FortyAcres.plist */; };
		0593F48F228789F600089023 /* FortyAcres.swift in Sources */ = {isa = PBXBuildFile; fileRef = 0593F48E228789F600089023 /* FortyAcres.swift */; };
		059F09EA225F96EE00330227 /* HomeViewController.swift in Sources */ = {isa = PBXBuildFile; fileRef = 059F09E9225F96EE00330227 /* HomeViewController.swift */; };
		059F09F0225FD17F00330227 /* MenuTableViewController.swift in Sources */ = {isa = PBXBuildFile; fileRef = 059F09EF225FD17F00330227 /* MenuTableViewController.swift */; };
		059F09F2225FD3AF00330227 /* slideInTransition.swift in Sources */ = {isa = PBXBuildFile; fileRef = 059F09F1225FD3AF00330227 /* slideInTransition.swift */; };
		059F09F42261305F00330227 /* SubleaseViewController.swift in Sources */ = {isa = PBXBuildFile; fileRef = 059F09F32261305F00330227 /* SubleaseViewController.swift */; };
		059F09F62261307500330227 /* BuySellViewController.swift in Sources */ = {isa = PBXBuildFile; fileRef = 059F09F52261307500330227 /* BuySellViewController.swift */; };
		059F09F82261308100330227 /* EventsViewController.swift in Sources */ = {isa = PBXBuildFile; fileRef = 059F09F72261308100330227 /* EventsViewController.swift */; };
		05A4D5E422684648002E58E7 /* PostViewController.swift in Sources */ = {isa = PBXBuildFile; fileRef = 05A4D5E322684648002E58E7 /* PostViewController.swift */; };
		05DB8D84228A03B700266AFB /* ChatViewController.swift in Sources */ = {isa = PBXBuildFile; fileRef = 05DB8D83228A03B700266AFB /* ChatViewController.swift */; };
		05F0CAE9226BD0E4004A510A /* PostCellTableViewCell.swift in Sources */ = {isa = PBXBuildFile; fileRef = 05F0CAE8226BD0E4004A510A /* PostCellTableViewCell.swift */; };
		05F0CAEB226FA9F9004A510A /* AddPostBuySellViewController.swift in Sources */ = {isa = PBXBuildFile; fileRef = 05F0CAEA226FA9F8004A510A /* AddPostBuySellViewController.swift */; };
		520A2EE5228A087500FD7721 /* ArticleCell.swift in Sources */ = {isa = PBXBuildFile; fileRef = 520A2EE4228A087500FD7721 /* ArticleCell.swift */; };
		8481A432E0AC02E67388B49F /* Pods_UTSocial.framework in Frameworks */ = {isa = PBXBuildFile; fileRef = 4A5769A988E72F46EE9F5F70 /* Pods_UTSocial.framework */; };
		915F976C64ADA46774CBD056 /* Pods_UTSocialUITests.framework in Frameworks */ = {isa = PBXBuildFile; fileRef = E736CD2B59166CDDA5F57D11 /* Pods_UTSocialUITests.framework */; };
		EA04EC182265436E000CAC19 /* Events.storyboard in Resources */ = {isa = PBXBuildFile; fileRef = EA04EC172265436E000CAC19 /* Events.storyboard */; };
		EA8C39962289261B00095D0C /* ChatTableViewCell.swift in Sources */ = {isa = PBXBuildFile; fileRef = EA8C39952289261B00095D0C /* ChatTableViewCell.swift */; };
		EAB43641226D7B9100C5583C /* EventTableViewCell.swift in Sources */ = {isa = PBXBuildFile; fileRef = EAB43640226D7B9100C5583C /* EventTableViewCell.swift */; };
		EAB43643226D7C8E00C5583C /* AddPostEventViewController.swift in Sources */ = {isa = PBXBuildFile; fileRef = EAB43642226D7C8E00C5583C /* AddPostEventViewController.swift */; };
		EAB43645226D94A900C5583C /* EventDetailViewController.swift in Sources */ = {isa = PBXBuildFile; fileRef = EAB43644226D94A900C5583C /* EventDetailViewController.swift */; };
		F8BD36E431ADD840B01AC93B /* Pods_UTSocialTests.framework in Frameworks */ = {isa = PBXBuildFile; fileRef = F8E3AC17A9E6B0F54B8E6AEB /* Pods_UTSocialTests.framework */; };
/* End PBXBuildFile section */

/* Begin PBXContainerItemProxy section */
		057D2C7D225709DE00A7300F /* PBXContainerItemProxy */ = {
			isa = PBXContainerItemProxy;
			containerPortal = 057D2C60225709DB00A7300F /* Project object */;
			proxyType = 1;
			remoteGlobalIDString = 057D2C67225709DB00A7300F;
			remoteInfo = UTSocial;
		};
		057D2C88225709DE00A7300F /* PBXContainerItemProxy */ = {
			isa = PBXContainerItemProxy;
			containerPortal = 057D2C60225709DB00A7300F /* Project object */;
			proxyType = 1;
			remoteGlobalIDString = 057D2C67225709DB00A7300F;
			remoteInfo = UTSocial;
		};
/* End PBXContainerItemProxy section */

/* Begin PBXFileReference section */
		051B5810226133BD009EDD36 /* NewsViewController.swift */ = {isa = PBXFileReference; lastKnownFileType = sourcecode.swift; path = NewsViewController.swift; sourceTree = "<group>"; };
		051B5812226133C8009EDD36 /* MapViewController.swift */ = {isa = PBXFileReference; lastKnownFileType = sourcecode.swift; path = MapViewController.swift; sourceTree = "<group>"; };
		051B581822644F9D009EDD36 /* AddPostSubleaseViewController.swift */ = {isa = PBXFileReference; lastKnownFileType = sourcecode.swift; path = AddPostSubleaseViewController.swift; sourceTree = "<group>"; };
		051B581B22650BE6009EDD36 /* PostCellSubleaseTableViewCell.swift */ = {isa = PBXFileReference; lastKnownFileType = sourcecode.swift; path = PostCellSubleaseTableViewCell.swift; sourceTree = "<group>"; };
		051B581D22650C15009EDD36 /* Sublease.storyboard */ = {isa = PBXFileReference; lastKnownFileType = file.storyboard; path = Sublease.storyboard; sourceTree = "<group>"; };
		051B581F22650D51009EDD36 /* Menu.storyboard */ = {isa = PBXFileReference; lastKnownFileType = file.storyboard; path = Menu.storyboard; sourceTree = "<group>"; };
		05272B6E227273AA002EEF7E /* PostBuySellViewController.swift */ = {isa = PBXFileReference; lastKnownFileType = sourcecode.swift; path = PostBuySellViewController.swift; sourceTree = "<group>"; };
		057D2C68225709DB00A7300F /* UTSocial.app */ = {isa = PBXFileReference; explicitFileType = wrapper.application; includeInIndex = 0; path = UTSocial.app; sourceTree = BUILT_PRODUCTS_DIR; };
		057D2C6B225709DB00A7300F /* AppDelegate.swift */ = {isa = PBXFileReference; lastKnownFileType = sourcecode.swift; path = AppDelegate.swift; sourceTree = "<group>"; };
		057D2C70225709DB00A7300F /* Base */ = {isa = PBXFileReference; lastKnownFileType = file.storyboard; name = Base; path = Base.lproj/Main.storyboard; sourceTree = "<group>"; };
		057D2C72225709DD00A7300F /* Assets.xcassets */ = {isa = PBXFileReference; lastKnownFileType = folder.assetcatalog; path = Assets.xcassets; sourceTree = "<group>"; };
		057D2C75225709DD00A7300F /* Base */ = {isa = PBXFileReference; lastKnownFileType = file.storyboard; name = Base; path = Base.lproj/LaunchScreen.storyboard; sourceTree = "<group>"; };
		057D2C77225709DD00A7300F /* Info.plist */ = {isa = PBXFileReference; lastKnownFileType = text.plist.xml; path = Info.plist; sourceTree = "<group>"; };
		057D2C7C225709DE00A7300F /* UTSocialTests.xctest */ = {isa = PBXFileReference; explicitFileType = wrapper.cfbundle; includeInIndex = 0; path = UTSocialTests.xctest; sourceTree = BUILT_PRODUCTS_DIR; };
		057D2C80225709DE00A7300F /* UTSocialTests.swift */ = {isa = PBXFileReference; lastKnownFileType = sourcecode.swift; path = UTSocialTests.swift; sourceTree = "<group>"; };
		057D2C82225709DE00A7300F /* Info.plist */ = {isa = PBXFileReference; lastKnownFileType = text.plist.xml; path = Info.plist; sourceTree = "<group>"; };
		057D2C87225709DE00A7300F /* UTSocialUITests.xctest */ = {isa = PBXFileReference; explicitFileType = wrapper.cfbundle; includeInIndex = 0; path = UTSocialUITests.xctest; sourceTree = BUILT_PRODUCTS_DIR; };
		057D2C8B225709DE00A7300F /* UTSocialUITests.swift */ = {isa = PBXFileReference; lastKnownFileType = sourcecode.swift; path = UTSocialUITests.swift; sourceTree = "<group>"; };
		057D2C8D225709DE00A7300F /* Info.plist */ = {isa = PBXFileReference; lastKnownFileType = text.plist.xml; path = Info.plist; sourceTree = "<group>"; };
		0593F48C2287852600089023 /* FortyAcres.plist */ = {isa = PBXFileReference; lastKnownFileType = text.plist.xml; path = FortyAcres.plist; sourceTree = "<group>"; };
		0593F48E228789F600089023 /* FortyAcres.swift */ = {isa = PBXFileReference; lastKnownFileType = sourcecode.swift; path = FortyAcres.swift; sourceTree = "<group>"; };
		059F09E9225F96EE00330227 /* HomeViewController.swift */ = {isa = PBXFileReference; lastKnownFileType = sourcecode.swift; path = HomeViewController.swift; sourceTree = "<group>"; };
		059F09EF225FD17F00330227 /* MenuTableViewController.swift */ = {isa = PBXFileReference; lastKnownFileType = sourcecode.swift; name = MenuTableViewController.swift; path = ../MenuTableViewController.swift; sourceTree = "<group>"; };
		059F09F1225FD3AF00330227 /* slideInTransition.swift */ = {isa = PBXFileReference; lastKnownFileType = sourcecode.swift; path = slideInTransition.swift; sourceTree = "<group>"; };
		059F09F32261305F00330227 /* SubleaseViewController.swift */ = {isa = PBXFileReference; lastKnownFileType = sourcecode.swift; name = SubleaseViewController.swift; path = "New Group/SubleaseViewController.swift"; sourceTree = "<group>"; };
		059F09F52261307500330227 /* BuySellViewController.swift */ = {isa = PBXFileReference; lastKnownFileType = sourcecode.swift; name = BuySellViewController.swift; path = "New Group/BuySellViewController.swift"; sourceTree = "<group>"; };
		059F09F72261308100330227 /* EventsViewController.swift */ = {isa = PBXFileReference; lastKnownFileType = sourcecode.swift; name = EventsViewController.swift; path = "New Group/EventsViewController.swift"; sourceTree = "<group>"; };
		05A4D5E322684648002E58E7 /* PostViewController.swift */ = {isa = PBXFileReference; lastKnownFileType = sourcecode.swift; path = PostViewController.swift; sourceTree = "<group>"; };
		05B269E222862FBC0072189E /* MapKit.framework */ = {isa = PBXFileReference; lastKnownFileType = wrapper.framework; name = MapKit.framework; path = System/Library/Frameworks/MapKit.framework; sourceTree = SDKROOT; };
		05DB8D83228A03B700266AFB /* ChatViewController.swift */ = {isa = PBXFileReference; fileEncoding = 4; lastKnownFileType = sourcecode.swift; path = ChatViewController.swift; sourceTree = "<group>"; };
		05F0CAE8226BD0E4004A510A /* PostCellTableViewCell.swift */ = {isa = PBXFileReference; lastKnownFileType = sourcecode.swift; path = PostCellTableViewCell.swift; sourceTree = "<group>"; };
		05F0CAEA226FA9F8004A510A /* AddPostBuySellViewController.swift */ = {isa = PBXFileReference; lastKnownFileType = sourcecode.swift; path = AddPostBuySellViewController.swift; sourceTree = "<group>"; };
		3AC6A6284D1887A35E77F971 /* Pods-UTSocial.release.xcconfig */ = {isa = PBXFileReference; includeInIndex = 1; lastKnownFileType = text.xcconfig; name = "Pods-UTSocial.release.xcconfig"; path = "Pods/Target Support Files/Pods-UTSocial/Pods-UTSocial.release.xcconfig"; sourceTree = "<group>"; };
		4A5769A988E72F46EE9F5F70 /* Pods_UTSocial.framework */ = {isa = PBXFileReference; explicitFileType = wrapper.framework; includeInIndex = 0; path = Pods_UTSocial.framework; sourceTree = BUILT_PRODUCTS_DIR; };
		520A2EE4228A087500FD7721 /* ArticleCell.swift */ = {isa = PBXFileReference; lastKnownFileType = sourcecode.swift; path = ArticleCell.swift; sourceTree = "<group>"; };
		A188FE5C8F59175F55FF5130 /* Pods-UTSocialUITests.release.xcconfig */ = {isa = PBXFileReference; includeInIndex = 1; lastKnownFileType = text.xcconfig; name = "Pods-UTSocialUITests.release.xcconfig"; path = "Pods/Target Support Files/Pods-UTSocialUITests/Pods-UTSocialUITests.release.xcconfig"; sourceTree = "<group>"; };
		A93B339E03F18D02CA50EEB2 /* Pods-UTSocialTests.release.xcconfig */ = {isa = PBXFileReference; includeInIndex = 1; lastKnownFileType = text.xcconfig; name = "Pods-UTSocialTests.release.xcconfig"; path = "Pods/Target Support Files/Pods-UTSocialTests/Pods-UTSocialTests.release.xcconfig"; sourceTree = "<group>"; };
		C02A033EC8973219C004F0F2 /* Pods-UTSocial.debug.xcconfig */ = {isa = PBXFileReference; includeInIndex = 1; lastKnownFileType = text.xcconfig; name = "Pods-UTSocial.debug.xcconfig"; path = "Pods/Target Support Files/Pods-UTSocial/Pods-UTSocial.debug.xcconfig"; sourceTree = "<group>"; };
		C1691205917C7870852C9280 /* Pods-UTSocialUITests.debug.xcconfig */ = {isa = PBXFileReference; includeInIndex = 1; lastKnownFileType = text.xcconfig; name = "Pods-UTSocialUITests.debug.xcconfig"; path = "Pods/Target Support Files/Pods-UTSocialUITests/Pods-UTSocialUITests.debug.xcconfig"; sourceTree = "<group>"; };
		D6B90B316CE62831C1D29E92 /* Pods-UTSocialTests.debug.xcconfig */ = {isa = PBXFileReference; includeInIndex = 1; lastKnownFileType = text.xcconfig; name = "Pods-UTSocialTests.debug.xcconfig"; path = "Pods/Target Support Files/Pods-UTSocialTests/Pods-UTSocialTests.debug.xcconfig"; sourceTree = "<group>"; };
		E736CD2B59166CDDA5F57D11 /* Pods_UTSocialUITests.framework */ = {isa = PBXFileReference; explicitFileType = wrapper.framework; includeInIndex = 0; path = Pods_UTSocialUITests.framework; sourceTree = BUILT_PRODUCTS_DIR; };
		EA04EC172265436E000CAC19 /* Events.storyboard */ = {isa = PBXFileReference; lastKnownFileType = file.storyboard; path = Events.storyboard; sourceTree = "<group>"; };
		EA8C39952289261B00095D0C /* ChatTableViewCell.swift */ = {isa = PBXFileReference; lastKnownFileType = sourcecode.swift; path = ChatTableViewCell.swift; sourceTree = "<group>"; };
		EAB43640226D7B9100C5583C /* EventTableViewCell.swift */ = {isa = PBXFileReference; lastKnownFileType = sourcecode.swift; path = EventTableViewCell.swift; sourceTree = "<group>"; };
		EAB43642226D7C8E00C5583C /* AddPostEventViewController.swift */ = {isa = PBXFileReference; fileEncoding = 4; lastKnownFileType = sourcecode.swift; path = AddPostEventViewController.swift; sourceTree = "<group>"; };
		EAB43644226D94A900C5583C /* EventDetailViewController.swift */ = {isa = PBXFileReference; lastKnownFileType = sourcecode.swift; path = EventDetailViewController.swift; sourceTree = "<group>"; };
		F8E3AC17A9E6B0F54B8E6AEB /* Pods_UTSocialTests.framework */ = {isa = PBXFileReference; explicitFileType = wrapper.framework; includeInIndex = 0; path = Pods_UTSocialTests.framework; sourceTree = BUILT_PRODUCTS_DIR; };
/* End PBXFileReference section */

/* Begin PBXFrameworksBuildPhase section */
		057D2C65225709DB00A7300F /* Frameworks */ = {
			isa = PBXFrameworksBuildPhase;
			buildActionMask = 2147483647;
			files = (
				8481A432E0AC02E67388B49F /* Pods_UTSocial.framework in Frameworks */,
			);
			runOnlyForDeploymentPostprocessing = 0;
		};
		057D2C79225709DE00A7300F /* Frameworks */ = {
			isa = PBXFrameworksBuildPhase;
			buildActionMask = 2147483647;
			files = (
				F8BD36E431ADD840B01AC93B /* Pods_UTSocialTests.framework in Frameworks */,
			);
			runOnlyForDeploymentPostprocessing = 0;
		};
		057D2C84225709DE00A7300F /* Frameworks */ = {
			isa = PBXFrameworksBuildPhase;
			buildActionMask = 2147483647;
			files = (
				915F976C64ADA46774CBD056 /* Pods_UTSocialUITests.framework in Frameworks */,
			);
			runOnlyForDeploymentPostprocessing = 0;
		};
/* End PBXFrameworksBuildPhase section */

/* Begin PBXGroup section */
		051B580722613287009EDD36 /* Menu */ = {
			isa = PBXGroup;
			children = (
				059F09EF225FD17F00330227 /* MenuTableViewController.swift */,
				059F09E9225F96EE00330227 /* HomeViewController.swift */,
				059F09F1225FD3AF00330227 /* slideInTransition.swift */,
				051B581F22650D51009EDD36 /* Menu.storyboard */,
				05F0CAE7226BD091004A510A /* BuyAndSell */,
				051B581A22650B88009EDD36 /* Sublease */,
				EA04EC1622654344000CAC19 /* Events */,
			);
			name = Menu;
			sourceTree = "<group>";
		};
		051B5809226132EE009EDD36 /* TabBar */ = {
			isa = PBXGroup;
			children = (
				05DB8D83228A03B700266AFB /* ChatViewController.swift */,
				EA8C39952289261B00095D0C /* ChatTableViewCell.swift */,
				051B5810226133BD009EDD36 /* NewsViewController.swift */,
				520A2EE4228A087500FD7721 /* ArticleCell.swift */,
				051B5812226133C8009EDD36 /* MapViewController.swift */,
				0593F48C2287852600089023 /* FortyAcres.plist */,
				0593F48E228789F600089023 /* FortyAcres.swift */,
			);
			name = TabBar;
			sourceTree = "<group>";
		};
		051B581A22650B88009EDD36 /* Sublease */ = {
			isa = PBXGroup;
			children = (
				059F09F32261305F00330227 /* SubleaseViewController.swift */,
				051B581822644F9D009EDD36 /* AddPostSubleaseViewController.swift */,
				051B581B22650BE6009EDD36 /* PostCellSubleaseTableViewCell.swift */,
				05A4D5E322684648002E58E7 /* PostViewController.swift */,
				051B581D22650C15009EDD36 /* Sublease.storyboard */,
			);
			name = Sublease;
			sourceTree = "<group>";
		};
		057D2C5F225709DB00A7300F = {
			isa = PBXGroup;
			children = (
				057D2C6A225709DB00A7300F /* UTSocial */,
				057D2C7F225709DE00A7300F /* UTSocialTests */,
				057D2C8A225709DE00A7300F /* UTSocialUITests */,
				057D2C69225709DB00A7300F /* Products */,
				AFA12CE3B1E990B091E3823B /* Pods */,
				5F6833CCAB1AD9D5DADEFFB4 /* Frameworks */,
			);
			sourceTree = "<group>";
		};
		057D2C69225709DB00A7300F /* Products */ = {
			isa = PBXGroup;
			children = (
				057D2C68225709DB00A7300F /* UTSocial.app */,
				057D2C7C225709DE00A7300F /* UTSocialTests.xctest */,
				057D2C87225709DE00A7300F /* UTSocialUITests.xctest */,
			);
			name = Products;
			sourceTree = "<group>";
		};
		057D2C6A225709DB00A7300F /* UTSocial */ = {
			isa = PBXGroup;
			children = (
				051B580722613287009EDD36 /* Menu */,
				051B5809226132EE009EDD36 /* TabBar */,
				057D2C6F225709DB00A7300F /* Main.storyboard */,
				057D2C74225709DD00A7300F /* LaunchScreen.storyboard */,
				057D2C72225709DD00A7300F /* Assets.xcassets */,
				057D2C6B225709DB00A7300F /* AppDelegate.swift */,
				057D2C77225709DD00A7300F /* Info.plist */,
			);
			path = UTSocial;
			sourceTree = "<group>";
		};
		057D2C7F225709DE00A7300F /* UTSocialTests */ = {
			isa = PBXGroup;
			children = (
				057D2C80225709DE00A7300F /* UTSocialTests.swift */,
				057D2C82225709DE00A7300F /* Info.plist */,
			);
			path = UTSocialTests;
			sourceTree = "<group>";
		};
		057D2C8A225709DE00A7300F /* UTSocialUITests */ = {
			isa = PBXGroup;
			children = (
				057D2C8B225709DE00A7300F /* UTSocialUITests.swift */,
				057D2C8D225709DE00A7300F /* Info.plist */,
			);
			path = UTSocialUITests;
			sourceTree = "<group>";
		};
		05F0CAE7226BD091004A510A /* BuyAndSell */ = {
			isa = PBXGroup;
			children = (
				059F09F52261307500330227 /* BuySellViewController.swift */,
				05272B6E227273AA002EEF7E /* PostBuySellViewController.swift */,
				05F0CAE8226BD0E4004A510A /* PostCellTableViewCell.swift */,
				05F0CAEA226FA9F8004A510A /* AddPostBuySellViewController.swift */,
			);
			name = BuyAndSell;
			sourceTree = "<group>";
		};
		5F6833CCAB1AD9D5DADEFFB4 /* Frameworks */ = {
			isa = PBXGroup;
			children = (
				05B269E222862FBC0072189E /* MapKit.framework */,
				4A5769A988E72F46EE9F5F70 /* Pods_UTSocial.framework */,
				F8E3AC17A9E6B0F54B8E6AEB /* Pods_UTSocialTests.framework */,
				E736CD2B59166CDDA5F57D11 /* Pods_UTSocialUITests.framework */,
			);
			name = Frameworks;
			sourceTree = "<group>";
		};
		AFA12CE3B1E990B091E3823B /* Pods */ = {
			isa = PBXGroup;
			children = (
				C02A033EC8973219C004F0F2 /* Pods-UTSocial.debug.xcconfig */,
				3AC6A6284D1887A35E77F971 /* Pods-UTSocial.release.xcconfig */,
				D6B90B316CE62831C1D29E92 /* Pods-UTSocialTests.debug.xcconfig */,
				A93B339E03F18D02CA50EEB2 /* Pods-UTSocialTests.release.xcconfig */,
				C1691205917C7870852C9280 /* Pods-UTSocialUITests.debug.xcconfig */,
				A188FE5C8F59175F55FF5130 /* Pods-UTSocialUITests.release.xcconfig */,
			);
			name = Pods;
			sourceTree = "<group>";
		};
		EA04EC1622654344000CAC19 /* Events */ = {
			isa = PBXGroup;
			children = (
				EAB43640226D7B9100C5583C /* EventTableViewCell.swift */,
				059F09F72261308100330227 /* EventsViewController.swift */,
				EAB43642226D7C8E00C5583C /* AddPostEventViewController.swift */,
				EA04EC172265436E000CAC19 /* Events.storyboard */,
				EAB43644226D94A900C5583C /* EventDetailViewController.swift */,
			);
			name = Events;
			sourceTree = "<group>";
		};
/* End PBXGroup section */

/* Begin PBXNativeTarget section */
		057D2C67225709DB00A7300F /* UTSocial */ = {
			isa = PBXNativeTarget;
			buildConfigurationList = 057D2C90225709DE00A7300F /* Build configuration list for PBXNativeTarget "UTSocial" */;
			buildPhases = (
				254A4F1611966F2F69AB5BFD /* [CP] Check Pods Manifest.lock */,
				057D2C64225709DB00A7300F /* Sources */,
				057D2C65225709DB00A7300F /* Frameworks */,
				057D2C66225709DB00A7300F /* Resources */,
				65D7A3FD7BFF35EE6A4DFF6E /* [CP] Embed Pods Frameworks */,
				42E8E1AFED47F0C140F79179 /* [CP] Copy Pods Resources */,
			);
			buildRules = (
			);
			dependencies = (
			);
			name = UTSocial;
			productName = UTSocial;
			productReference = 057D2C68225709DB00A7300F /* UTSocial.app */;
			productType = "com.apple.product-type.application";
		};
		057D2C7B225709DE00A7300F /* UTSocialTests */ = {
			isa = PBXNativeTarget;
			buildConfigurationList = 057D2C93225709DE00A7300F /* Build configuration list for PBXNativeTarget "UTSocialTests" */;
			buildPhases = (
				5B099D5EBF71084BE22087A8 /* [CP] Check Pods Manifest.lock */,
				057D2C78225709DE00A7300F /* Sources */,
				057D2C79225709DE00A7300F /* Frameworks */,
				057D2C7A225709DE00A7300F /* Resources */,
			);
			buildRules = (
			);
			dependencies = (
				057D2C7E225709DE00A7300F /* PBXTargetDependency */,
			);
			name = UTSocialTests;
			productName = UTSocialTests;
			productReference = 057D2C7C225709DE00A7300F /* UTSocialTests.xctest */;
			productType = "com.apple.product-type.bundle.unit-test";
		};
		057D2C86225709DE00A7300F /* UTSocialUITests */ = {
			isa = PBXNativeTarget;
			buildConfigurationList = 057D2C96225709DE00A7300F /* Build configuration list for PBXNativeTarget "UTSocialUITests" */;
			buildPhases = (
				07709C9B89F2D91E4B26AA67 /* [CP] Check Pods Manifest.lock */,
				057D2C83225709DE00A7300F /* Sources */,
				057D2C84225709DE00A7300F /* Frameworks */,
				057D2C85225709DE00A7300F /* Resources */,
			);
			buildRules = (
			);
			dependencies = (
				057D2C89225709DE00A7300F /* PBXTargetDependency */,
			);
			name = UTSocialUITests;
			productName = UTSocialUITests;
			productReference = 057D2C87225709DE00A7300F /* UTSocialUITests.xctest */;
			productType = "com.apple.product-type.bundle.ui-testing";
		};
/* End PBXNativeTarget section */

/* Begin PBXProject section */
		057D2C60225709DB00A7300F /* Project object */ = {
			isa = PBXProject;
			attributes = {
				LastSwiftUpdateCheck = 1020;
				LastUpgradeCheck = 1020;
				ORGANIZATIONNAME = "Maksat Zhazbayev";
				TargetAttributes = {
					057D2C67225709DB00A7300F = {
						CreatedOnToolsVersion = 10.2;
						LastSwiftMigration = 1020;
						SystemCapabilities = {
							com.apple.Maps.iOS = {
								enabled = 0;
							};
						};
					};
					057D2C7B225709DE00A7300F = {
						CreatedOnToolsVersion = 10.2;
						TestTargetID = 057D2C67225709DB00A7300F;
					};
					057D2C86225709DE00A7300F = {
						CreatedOnToolsVersion = 10.2;
						TestTargetID = 057D2C67225709DB00A7300F;
					};
				};
			};
			buildConfigurationList = 057D2C63225709DB00A7300F /* Build configuration list for PBXProject "UTSocial" */;
			compatibilityVersion = "Xcode 9.3";
			developmentRegion = en;
			hasScannedForEncodings = 0;
			knownRegions = (
				en,
				Base,
			);
			mainGroup = 057D2C5F225709DB00A7300F;
			productRefGroup = 057D2C69225709DB00A7300F /* Products */;
			projectDirPath = "";
			projectRoot = "";
			targets = (
				057D2C67225709DB00A7300F /* UTSocial */,
				057D2C7B225709DE00A7300F /* UTSocialTests */,
				057D2C86225709DE00A7300F /* UTSocialUITests */,
			);
		};
/* End PBXProject section */

/* Begin PBXResourcesBuildPhase section */
		057D2C66225709DB00A7300F /* Resources */ = {
			isa = PBXResourcesBuildPhase;
			buildActionMask = 2147483647;
			files = (
				051B582022650D51009EDD36 /* Menu.storyboard in Resources */,
				051B581E22650C15009EDD36 /* Sublease.storyboard in Resources */,
				0593F48D2287852600089023 /* FortyAcres.plist in Resources */,
				057D2C76225709DD00A7300F /* LaunchScreen.storyboard in Resources */,
				057D2C73225709DD00A7300F /* Assets.xcassets in Resources */,
				057D2C71225709DB00A7300F /* Main.storyboard in Resources */,
				EA04EC182265436E000CAC19 /* Events.storyboard in Resources */,
			);
			runOnlyForDeploymentPostprocessing = 0;
		};
		057D2C7A225709DE00A7300F /* Resources */ = {
			isa = PBXResourcesBuildPhase;
			buildActionMask = 2147483647;
			files = (
			);
			runOnlyForDeploymentPostprocessing = 0;
		};
		057D2C85225709DE00A7300F /* Resources */ = {
			isa = PBXResourcesBuildPhase;
			buildActionMask = 2147483647;
			files = (
			);
			runOnlyForDeploymentPostprocessing = 0;
		};
/* End PBXResourcesBuildPhase section */

/* Begin PBXShellScriptBuildPhase section */
		07709C9B89F2D91E4B26AA67 /* [CP] Check Pods Manifest.lock */ = {
			isa = PBXShellScriptBuildPhase;
			buildActionMask = 2147483647;
			files = (
			);
			inputFileListPaths = (
			);
			inputPaths = (
				"${PODS_PODFILE_DIR_PATH}/Podfile.lock",
				"${PODS_ROOT}/Manifest.lock",
			);
			name = "[CP] Check Pods Manifest.lock";
			outputFileListPaths = (
			);
			outputPaths = (
				"$(DERIVED_FILE_DIR)/Pods-UTSocialUITests-checkManifestLockResult.txt",
			);
			runOnlyForDeploymentPostprocessing = 0;
			shellPath = /bin/sh;
			shellScript = "diff \"${PODS_PODFILE_DIR_PATH}/Podfile.lock\" \"${PODS_ROOT}/Manifest.lock\" > /dev/null\nif [ $? != 0 ] ; then\n    # print error to STDERR\n    echo \"error: The sandbox is not in sync with the Podfile.lock. Run 'pod install' or update your CocoaPods installation.\" >&2\n    exit 1\nfi\n# This output is used by Xcode 'outputs' to avoid re-running this script phase.\necho \"SUCCESS\" > \"${SCRIPT_OUTPUT_FILE_0}\"\n";
			showEnvVarsInLog = 0;
		};
		254A4F1611966F2F69AB5BFD /* [CP] Check Pods Manifest.lock */ = {
			isa = PBXShellScriptBuildPhase;
			buildActionMask = 2147483647;
			files = (
			);
			inputFileListPaths = (
			);
			inputPaths = (
				"${PODS_PODFILE_DIR_PATH}/Podfile.lock",
				"${PODS_ROOT}/Manifest.lock",
			);
			name = "[CP] Check Pods Manifest.lock";
			outputFileListPaths = (
			);
			outputPaths = (
				"$(DERIVED_FILE_DIR)/Pods-UTSocial-checkManifestLockResult.txt",
			);
			runOnlyForDeploymentPostprocessing = 0;
			shellPath = /bin/sh;
			shellScript = "diff \"${PODS_PODFILE_DIR_PATH}/Podfile.lock\" \"${PODS_ROOT}/Manifest.lock\" > /dev/null\nif [ $? != 0 ] ; then\n    # print error to STDERR\n    echo \"error: The sandbox is not in sync with the Podfile.lock. Run 'pod install' or update your CocoaPods installation.\" >&2\n    exit 1\nfi\n# This output is used by Xcode 'outputs' to avoid re-running this script phase.\necho \"SUCCESS\" > \"${SCRIPT_OUTPUT_FILE_0}\"\n";
			showEnvVarsInLog = 0;
		};
		42E8E1AFED47F0C140F79179 /* [CP] Copy Pods Resources */ = {
			isa = PBXShellScriptBuildPhase;
			buildActionMask = 2147483647;
			files = (
			);
			inputFileListPaths = (
			);
			inputPaths = (
				"${SRCROOT}/Pods/Target Support Files/Pods-UTSocial/Pods-UTSocial-resources.sh",
				"${PODS_ROOT}/TwitterKit/iOS/TwitterKit.framework/TwitterKitResources.bundle",
			);
			name = "[CP] Copy Pods Resources";
			outputFileListPaths = (
			);
			outputPaths = (
				"${TARGET_BUILD_DIR}/${UNLOCALIZED_RESOURCES_FOLDER_PATH}/TwitterKitResources.bundle",
			);
			runOnlyForDeploymentPostprocessing = 0;
			shellPath = /bin/sh;
			shellScript = "\"${SRCROOT}/Pods/Target Support Files/Pods-UTSocial/Pods-UTSocial-resources.sh\"\n";
			showEnvVarsInLog = 0;
		};
		5B099D5EBF71084BE22087A8 /* [CP] Check Pods Manifest.lock */ = {
			isa = PBXShellScriptBuildPhase;
			buildActionMask = 2147483647;
			files = (
			);
			inputFileListPaths = (
			);
			inputPaths = (
				"${PODS_PODFILE_DIR_PATH}/Podfile.lock",
				"${PODS_ROOT}/Manifest.lock",
			);
			name = "[CP] Check Pods Manifest.lock";
			outputFileListPaths = (
			);
			outputPaths = (
				"$(DERIVED_FILE_DIR)/Pods-UTSocialTests-checkManifestLockResult.txt",
			);
			runOnlyForDeploymentPostprocessing = 0;
			shellPath = /bin/sh;
			shellScript = "diff \"${PODS_PODFILE_DIR_PATH}/Podfile.lock\" \"${PODS_ROOT}/Manifest.lock\" > /dev/null\nif [ $? != 0 ] ; then\n    # print error to STDERR\n    echo \"error: The sandbox is not in sync with the Podfile.lock. Run 'pod install' or update your CocoaPods installation.\" >&2\n    exit 1\nfi\n# This output is used by Xcode 'outputs' to avoid re-running this script phase.\necho \"SUCCESS\" > \"${SCRIPT_OUTPUT_FILE_0}\"\n";
			showEnvVarsInLog = 0;
		};
		65D7A3FD7BFF35EE6A4DFF6E /* [CP] Embed Pods Frameworks */ = {
			isa = PBXShellScriptBuildPhase;
			buildActionMask = 2147483647;
			files = (
			);
			inputFileListPaths = (
			);
			inputPaths = (
				"${SRCROOT}/Pods/Target Support Files/Pods-UTSocial/Pods-UTSocial-frameworks.sh",
				"${BUILT_PRODUCTS_DIR}/Alamofire/Alamofire.framework",
				"${BUILT_PRODUCTS_DIR}/AlamofireImage/AlamofireImage.framework",
				"${BUILT_PRODUCTS_DIR}/Bolts/Bolts.framework",
				"${BUILT_PRODUCTS_DIR}/DKCamera/DKCamera.framework",
				"${BUILT_PRODUCTS_DIR}/DKImagePickerController/DKImagePickerController.framework",
				"${BUILT_PRODUCTS_DIR}/DKPhotoGallery/DKPhotoGallery.framework",
				"${BUILT_PRODUCTS_DIR}/FLAnimatedImage/FLAnimatedImage.framework",
				"${BUILT_PRODUCTS_DIR}/MessageInputBar/MessageInputBar.framework",
				"${BUILT_PRODUCTS_DIR}/Parse/Parse.framework",
				"${BUILT_PRODUCTS_DIR}/SDWebImage/SDWebImage.framework",
				"${BUILT_PRODUCTS_DIR}/TOCropViewController/TOCropViewController.framework",
				"${PODS_ROOT}/TwitterCore/iOS/TwitterCore.framework",
				"${PODS_ROOT}/TwitterKit/iOS/TwitterKit.framework",
			);
			name = "[CP] Embed Pods Frameworks";
			outputFileListPaths = (
			);
			outputPaths = (
				"${TARGET_BUILD_DIR}/${FRAMEWORKS_FOLDER_PATH}/Alamofire.framework",
				"${TARGET_BUILD_DIR}/${FRAMEWORKS_FOLDER_PATH}/AlamofireImage.framework",
				"${TARGET_BUILD_DIR}/${FRAMEWORKS_FOLDER_PATH}/Bolts.framework",
				"${TARGET_BUILD_DIR}/${FRAMEWORKS_FOLDER_PATH}/DKCamera.framework",
				"${TARGET_BUILD_DIR}/${FRAMEWORKS_FOLDER_PATH}/DKImagePickerController.framework",
				"${TARGET_BUILD_DIR}/${FRAMEWORKS_FOLDER_PATH}/DKPhotoGallery.framework",
				"${TARGET_BUILD_DIR}/${FRAMEWORKS_FOLDER_PATH}/FLAnimatedImage.framework",
				"${TARGET_BUILD_DIR}/${FRAMEWORKS_FOLDER_PATH}/MessageInputBar.framework",
				"${TARGET_BUILD_DIR}/${FRAMEWORKS_FOLDER_PATH}/Parse.framework",
				"${TARGET_BUILD_DIR}/${FRAMEWORKS_FOLDER_PATH}/SDWebImage.framework",
				"${TARGET_BUILD_DIR}/${FRAMEWORKS_FOLDER_PATH}/TOCropViewController.framework",
				"${TARGET_BUILD_DIR}/${FRAMEWORKS_FOLDER_PATH}/TwitterCore.framework",
				"${TARGET_BUILD_DIR}/${FRAMEWORKS_FOLDER_PATH}/TwitterKit.framework",
			);
			runOnlyForDeploymentPostprocessing = 0;
			shellPath = /bin/sh;
			shellScript = "\"${SRCROOT}/Pods/Target Support Files/Pods-UTSocial/Pods-UTSocial-frameworks.sh\"\n";
			showEnvVarsInLog = 0;
		};
/* End PBXShellScriptBuildPhase section */

/* Begin PBXSourcesBuildPhase section */
		057D2C64225709DB00A7300F /* Sources */ = {
			isa = PBXSourcesBuildPhase;
			buildActionMask = 2147483647;
			files = (
				059F09F0225FD17F00330227 /* MenuTableViewController.swift in Sources */,
				059F09F62261307500330227 /* BuySellViewController.swift in Sources */,
				05DB8D84228A03B700266AFB /* ChatViewController.swift in Sources */,
				059F09F2225FD3AF00330227 /* slideInTransition.swift in Sources */,
				EAB43641226D7B9100C5583C /* EventTableViewCell.swift in Sources */,
				05A4D5E422684648002E58E7 /* PostViewController.swift in Sources */,
				051B581922644F9D009EDD36 /* AddPostSubleaseViewController.swift in Sources */,
				05272B6F227273AA002EEF7E /* PostBuySellViewController.swift in Sources */,
				05F0CAE9226BD0E4004A510A /* PostCellTableViewCell.swift in Sources */,
				051B5813226133C8009EDD36 /* MapViewController.swift in Sources */,
				0593F48F228789F600089023 /* FortyAcres.swift in Sources */,
				520A2EE5228A087500FD7721 /* ArticleCell.swift in Sources */,
				057D2C6C225709DB00A7300F /* AppDelegate.swift in Sources */,
				05F0CAEB226FA9F9004A510A /* AddPostBuySellViewController.swift in Sources */,
				059F09F82261308100330227 /* EventsViewController.swift in Sources */,
				059F09EA225F96EE00330227 /* HomeViewController.swift in Sources */,
				051B5811226133BD009EDD36 /* NewsViewController.swift in Sources */,
				EAB43643226D7C8E00C5583C /* AddPostEventViewController.swift in Sources */,
				051B581C22650BE6009EDD36 /* PostCellSubleaseTableViewCell.swift in Sources */,
				EAB43645226D94A900C5583C /* EventDetailViewController.swift in Sources */,
				EA8C39962289261B00095D0C /* ChatTableViewCell.swift in Sources */,
				059F09F42261305F00330227 /* SubleaseViewController.swift in Sources */,
			);
			runOnlyForDeploymentPostprocessing = 0;
		};
		057D2C78225709DE00A7300F /* Sources */ = {
			isa = PBXSourcesBuildPhase;
			buildActionMask = 2147483647;
			files = (
				057D2C81225709DE00A7300F /* UTSocialTests.swift in Sources */,
			);
			runOnlyForDeploymentPostprocessing = 0;
		};
		057D2C83225709DE00A7300F /* Sources */ = {
			isa = PBXSourcesBuildPhase;
			buildActionMask = 2147483647;
			files = (
				057D2C8C225709DE00A7300F /* UTSocialUITests.swift in Sources */,
			);
			runOnlyForDeploymentPostprocessing = 0;
		};
/* End PBXSourcesBuildPhase section */

/* Begin PBXTargetDependency section */
		057D2C7E225709DE00A7300F /* PBXTargetDependency */ = {
			isa = PBXTargetDependency;
			target = 057D2C67225709DB00A7300F /* UTSocial */;
			targetProxy = 057D2C7D225709DE00A7300F /* PBXContainerItemProxy */;
		};
		057D2C89225709DE00A7300F /* PBXTargetDependency */ = {
			isa = PBXTargetDependency;
			target = 057D2C67225709DB00A7300F /* UTSocial */;
			targetProxy = 057D2C88225709DE00A7300F /* PBXContainerItemProxy */;
		};
/* End PBXTargetDependency section */

/* Begin PBXVariantGroup section */
		057D2C6F225709DB00A7300F /* Main.storyboard */ = {
			isa = PBXVariantGroup;
			children = (
				057D2C70225709DB00A7300F /* Base */,
			);
			name = Main.storyboard;
			sourceTree = "<group>";
		};
		057D2C74225709DD00A7300F /* LaunchScreen.storyboard */ = {
			isa = PBXVariantGroup;
			children = (
				057D2C75225709DD00A7300F /* Base */,
			);
			name = LaunchScreen.storyboard;
			sourceTree = "<group>";
		};
/* End PBXVariantGroup section */

/* Begin XCBuildConfiguration section */
		057D2C8E225709DE00A7300F /* Debug */ = {
			isa = XCBuildConfiguration;
			buildSettings = {
				ALWAYS_SEARCH_USER_PATHS = NO;
				CLANG_ANALYZER_NONNULL = YES;
				CLANG_ANALYZER_NUMBER_OBJECT_CONVERSION = YES_AGGRESSIVE;
				CLANG_CXX_LANGUAGE_STANDARD = "gnu++14";
				CLANG_CXX_LIBRARY = "libc++";
				CLANG_ENABLE_MODULES = YES;
				CLANG_ENABLE_OBJC_ARC = YES;
				CLANG_ENABLE_OBJC_WEAK = YES;
				CLANG_WARN_BLOCK_CAPTURE_AUTORELEASING = YES;
				CLANG_WARN_BOOL_CONVERSION = YES;
				CLANG_WARN_COMMA = YES;
				CLANG_WARN_CONSTANT_CONVERSION = YES;
				CLANG_WARN_DEPRECATED_OBJC_IMPLEMENTATIONS = YES;
				CLANG_WARN_DIRECT_OBJC_ISA_USAGE = YES_ERROR;
				CLANG_WARN_DOCUMENTATION_COMMENTS = YES;
				CLANG_WARN_EMPTY_BODY = YES;
				CLANG_WARN_ENUM_CONVERSION = YES;
				CLANG_WARN_INFINITE_RECURSION = YES;
				CLANG_WARN_INT_CONVERSION = YES;
				CLANG_WARN_NON_LITERAL_NULL_CONVERSION = YES;
				CLANG_WARN_OBJC_IMPLICIT_RETAIN_SELF = YES;
				CLANG_WARN_OBJC_LITERAL_CONVERSION = YES;
				CLANG_WARN_OBJC_ROOT_CLASS = YES_ERROR;
				CLANG_WARN_RANGE_LOOP_ANALYSIS = YES;
				CLANG_WARN_STRICT_PROTOTYPES = YES;
				CLANG_WARN_SUSPICIOUS_MOVE = YES;
				CLANG_WARN_UNGUARDED_AVAILABILITY = YES_AGGRESSIVE;
				CLANG_WARN_UNREACHABLE_CODE = YES;
				CLANG_WARN__DUPLICATE_METHOD_MATCH = YES;
				CODE_SIGN_IDENTITY = "iPhone Developer";
				COPY_PHASE_STRIP = NO;
				DEBUG_INFORMATION_FORMAT = dwarf;
				ENABLE_STRICT_OBJC_MSGSEND = YES;
				ENABLE_TESTABILITY = YES;
				GCC_C_LANGUAGE_STANDARD = gnu11;
				GCC_DYNAMIC_NO_PIC = NO;
				GCC_NO_COMMON_BLOCKS = YES;
				GCC_OPTIMIZATION_LEVEL = 0;
				GCC_PREPROCESSOR_DEFINITIONS = (
					"DEBUG=1",
					"$(inherited)",
				);
				GCC_WARN_64_TO_32_BIT_CONVERSION = YES;
				GCC_WARN_ABOUT_RETURN_TYPE = YES_ERROR;
				GCC_WARN_UNDECLARED_SELECTOR = YES;
				GCC_WARN_UNINITIALIZED_AUTOS = YES_AGGRESSIVE;
				GCC_WARN_UNUSED_FUNCTION = YES;
				GCC_WARN_UNUSED_VARIABLE = YES;
				IPHONEOS_DEPLOYMENT_TARGET = 12.2;
				MTL_ENABLE_DEBUG_INFO = INCLUDE_SOURCE;
				MTL_FAST_MATH = YES;
				ONLY_ACTIVE_ARCH = YES;
				SDKROOT = iphoneos;
				SWIFT_ACTIVE_COMPILATION_CONDITIONS = DEBUG;
				SWIFT_OPTIMIZATION_LEVEL = "-Onone";
			};
			name = Debug;
		};
		057D2C8F225709DE00A7300F /* Release */ = {
			isa = XCBuildConfiguration;
			buildSettings = {
				ALWAYS_SEARCH_USER_PATHS = NO;
				CLANG_ANALYZER_NONNULL = YES;
				CLANG_ANALYZER_NUMBER_OBJECT_CONVERSION = YES_AGGRESSIVE;
				CLANG_CXX_LANGUAGE_STANDARD = "gnu++14";
				CLANG_CXX_LIBRARY = "libc++";
				CLANG_ENABLE_MODULES = YES;
				CLANG_ENABLE_OBJC_ARC = YES;
				CLANG_ENABLE_OBJC_WEAK = YES;
				CLANG_WARN_BLOCK_CAPTURE_AUTORELEASING = YES;
				CLANG_WARN_BOOL_CONVERSION = YES;
				CLANG_WARN_COMMA = YES;
				CLANG_WARN_CONSTANT_CONVERSION = YES;
				CLANG_WARN_DEPRECATED_OBJC_IMPLEMENTATIONS = YES;
				CLANG_WARN_DIRECT_OBJC_ISA_USAGE = YES_ERROR;
				CLANG_WARN_DOCUMENTATION_COMMENTS = YES;
				CLANG_WARN_EMPTY_BODY = YES;
				CLANG_WARN_ENUM_CONVERSION = YES;
				CLANG_WARN_INFINITE_RECURSION = YES;
				CLANG_WARN_INT_CONVERSION = YES;
				CLANG_WARN_NON_LITERAL_NULL_CONVERSION = YES;
				CLANG_WARN_OBJC_IMPLICIT_RETAIN_SELF = YES;
				CLANG_WARN_OBJC_LITERAL_CONVERSION = YES;
				CLANG_WARN_OBJC_ROOT_CLASS = YES_ERROR;
				CLANG_WARN_RANGE_LOOP_ANALYSIS = YES;
				CLANG_WARN_STRICT_PROTOTYPES = YES;
				CLANG_WARN_SUSPICIOUS_MOVE = YES;
				CLANG_WARN_UNGUARDED_AVAILABILITY = YES_AGGRESSIVE;
				CLANG_WARN_UNREACHABLE_CODE = YES;
				CLANG_WARN__DUPLICATE_METHOD_MATCH = YES;
				CODE_SIGN_IDENTITY = "iPhone Developer";
				COPY_PHASE_STRIP = NO;
				DEBUG_INFORMATION_FORMAT = "dwarf-with-dsym";
				ENABLE_NS_ASSERTIONS = NO;
				ENABLE_STRICT_OBJC_MSGSEND = YES;
				GCC_C_LANGUAGE_STANDARD = gnu11;
				GCC_NO_COMMON_BLOCKS = YES;
				GCC_WARN_64_TO_32_BIT_CONVERSION = YES;
				GCC_WARN_ABOUT_RETURN_TYPE = YES_ERROR;
				GCC_WARN_UNDECLARED_SELECTOR = YES;
				GCC_WARN_UNINITIALIZED_AUTOS = YES_AGGRESSIVE;
				GCC_WARN_UNUSED_FUNCTION = YES;
				GCC_WARN_UNUSED_VARIABLE = YES;
				IPHONEOS_DEPLOYMENT_TARGET = 12.2;
				MTL_ENABLE_DEBUG_INFO = NO;
				MTL_FAST_MATH = YES;
				SDKROOT = iphoneos;
				SWIFT_COMPILATION_MODE = wholemodule;
				SWIFT_OPTIMIZATION_LEVEL = "-O";
				VALIDATE_PRODUCT = YES;
			};
			name = Release;
		};
		057D2C91225709DE00A7300F /* Debug */ = {
			isa = XCBuildConfiguration;
			baseConfigurationReference = C02A033EC8973219C004F0F2 /* Pods-UTSocial.debug.xcconfig */;
			buildSettings = {
				ASSETCATALOG_COMPILER_APPICON_NAME = AppIcon;
				CLANG_ENABLE_MODULES = YES;
				CODE_SIGN_STYLE = Automatic;
				DEVELOPMENT_TEAM = XZ4BYZ5G52;
				INFOPLIST_FILE = UTSocial/Info.plist;
				IPHONEOS_DEPLOYMENT_TARGET = 11.0;
				LD_RUNPATH_SEARCH_PATHS = (
					"$(inherited)",
					"@executable_path/Frameworks",
				);
				PRODUCT_BUNDLE_IDENTIFIER = mzhazbay.UTSocial;
				PRODUCT_NAME = "$(TARGET_NAME)";
				SWIFT_OPTIMIZATION_LEVEL = "-Onone";
				SWIFT_VERSION = 5.0;
				TARGETED_DEVICE_FAMILY = "1,2";
			};
			name = Debug;
		};
		057D2C92225709DE00A7300F /* Release */ = {
			isa = XCBuildConfiguration;
			baseConfigurationReference = 3AC6A6284D1887A35E77F971 /* Pods-UTSocial.release.xcconfig */;
			buildSettings = {
				ASSETCATALOG_COMPILER_APPICON_NAME = AppIcon;
				CLANG_ENABLE_MODULES = YES;
				CODE_SIGN_STYLE = Automatic;
				DEVELOPMENT_TEAM = XZ4BYZ5G52;
				INFOPLIST_FILE = UTSocial/Info.plist;
				IPHONEOS_DEPLOYMENT_TARGET = 11.0;
				LD_RUNPATH_SEARCH_PATHS = (
					"$(inherited)",
					"@executable_path/Frameworks",
				);
				PRODUCT_BUNDLE_IDENTIFIER = mzhazbay.UTSocial;
				PRODUCT_NAME = "$(TARGET_NAME)";
				SWIFT_VERSION = 5.0;
				TARGETED_DEVICE_FAMILY = "1,2";
			};
			name = Release;
		};
		057D2C94225709DE00A7300F /* Debug */ = {
			isa = XCBuildConfiguration;
			baseConfigurationReference = D6B90B316CE62831C1D29E92 /* Pods-UTSocialTests.debug.xcconfig */;
			buildSettings = {
				ALWAYS_EMBED_SWIFT_STANDARD_LIBRARIES = YES;
				BUNDLE_LOADER = "$(TEST_HOST)";
				CODE_SIGN_STYLE = Automatic;
				DEVELOPMENT_TEAM = XZ4BYZ5G52;
				INFOPLIST_FILE = UTSocialTests/Info.plist;
				LD_RUNPATH_SEARCH_PATHS = (
					"$(inherited)",
					"@executable_path/Frameworks",
					"@loader_path/Frameworks",
				);
				PRODUCT_BUNDLE_IDENTIFIER = mzhazbay.UTSocialTests;
				PRODUCT_NAME = "$(TARGET_NAME)";
				SWIFT_VERSION = 5.0;
				TARGETED_DEVICE_FAMILY = "1,2";
				TEST_HOST = "$(BUILT_PRODUCTS_DIR)/UTSocial.app/UTSocial";
			};
			name = Debug;
		};
		057D2C95225709DE00A7300F /* Release */ = {
			isa = XCBuildConfiguration;
			baseConfigurationReference = A93B339E03F18D02CA50EEB2 /* Pods-UTSocialTests.release.xcconfig */;
			buildSettings = {
				ALWAYS_EMBED_SWIFT_STANDARD_LIBRARIES = YES;
				BUNDLE_LOADER = "$(TEST_HOST)";
				CODE_SIGN_STYLE = Automatic;
				DEVELOPMENT_TEAM = XZ4BYZ5G52;
				INFOPLIST_FILE = UTSocialTests/Info.plist;
				LD_RUNPATH_SEARCH_PATHS = (
					"$(inherited)",
					"@executable_path/Frameworks",
					"@loader_path/Frameworks",
				);
				PRODUCT_BUNDLE_IDENTIFIER = mzhazbay.UTSocialTests;
				PRODUCT_NAME = "$(TARGET_NAME)";
				SWIFT_VERSION = 5.0;
				TARGETED_DEVICE_FAMILY = "1,2";
				TEST_HOST = "$(BUILT_PRODUCTS_DIR)/UTSocial.app/UTSocial";
			};
			name = Release;
		};
		057D2C97225709DE00A7300F /* Debug */ = {
			isa = XCBuildConfiguration;
			baseConfigurationReference = C1691205917C7870852C9280 /* Pods-UTSocialUITests.debug.xcconfig */;
			buildSettings = {
				ALWAYS_EMBED_SWIFT_STANDARD_LIBRARIES = YES;
				CODE_SIGN_STYLE = Automatic;
				DEVELOPMENT_TEAM = XZ4BYZ5G52;
				INFOPLIST_FILE = UTSocialUITests/Info.plist;
				LD_RUNPATH_SEARCH_PATHS = (
					"$(inherited)",
					"@executable_path/Frameworks",
					"@loader_path/Frameworks",
				);
				PRODUCT_BUNDLE_IDENTIFIER = mzhazbay.UTSocialUITests;
				PRODUCT_NAME = "$(TARGET_NAME)";
				SWIFT_VERSION = 5.0;
				TARGETED_DEVICE_FAMILY = "1,2";
				TEST_TARGET_NAME = UTSocial;
			};
			name = Debug;
		};
		057D2C98225709DE00A7300F /* Release */ = {
			isa = XCBuildConfiguration;
			baseConfigurationReference = A188FE5C8F59175F55FF5130 /* Pods-UTSocialUITests.release.xcconfig */;
			buildSettings = {
				ALWAYS_EMBED_SWIFT_STANDARD_LIBRARIES = YES;
				CODE_SIGN_STYLE = Automatic;
				DEVELOPMENT_TEAM = XZ4BYZ5G52;
				INFOPLIST_FILE = UTSocialUITests/Info.plist;
				LD_RUNPATH_SEARCH_PATHS = (
					"$(inherited)",
					"@executable_path/Frameworks",
					"@loader_path/Frameworks",
				);
				PRODUCT_BUNDLE_IDENTIFIER = mzhazbay.UTSocialUITests;
				PRODUCT_NAME = "$(TARGET_NAME)";
				SWIFT_VERSION = 5.0;
				TARGETED_DEVICE_FAMILY = "1,2";
				TEST_TARGET_NAME = UTSocial;
			};
			name = Release;
		};
/* End XCBuildConfiguration section */

/* Begin XCConfigurationList section */
		057D2C63225709DB00A7300F /* Build configuration list for PBXProject "UTSocial" */ = {
			isa = XCConfigurationList;
			buildConfigurations = (
				057D2C8E225709DE00A7300F /* Debug */,
				057D2C8F225709DE00A7300F /* Release */,
			);
			defaultConfigurationIsVisible = 0;
			defaultConfigurationName = Release;
		};
		057D2C90225709DE00A7300F /* Build configuration list for PBXNativeTarget "UTSocial" */ = {
			isa = XCConfigurationList;
			buildConfigurations = (
				057D2C91225709DE00A7300F /* Debug */,
				057D2C92225709DE00A7300F /* Release */,
			);
			defaultConfigurationIsVisible = 0;
			defaultConfigurationName = Release;
		};
		057D2C93225709DE00A7300F /* Build configuration list for PBXNativeTarget "UTSocialTests" */ = {
			isa = XCConfigurationList;
			buildConfigurations = (
				057D2C94225709DE00A7300F /* Debug */,
				057D2C95225709DE00A7300F /* Release */,
			);
			defaultConfigurationIsVisible = 0;
			defaultConfigurationName = Release;
		};
		057D2C96225709DE00A7300F /* Build configuration list for PBXNativeTarget "UTSocialUITests" */ = {
			isa = XCConfigurationList;
			buildConfigurations = (
				057D2C97225709DE00A7300F /* Debug */,
				057D2C98225709DE00A7300F /* Release */,
			);
			defaultConfigurationIsVisible = 0;
			defaultConfigurationName = Release;
		};
/* End XCConfigurationList section */
	};
	rootObject = 057D2C60225709DB00A7300F /* Project object */;
}
